{
  "name": "webinar",
  "lockfileVersion": 2,
  "requires": true,
  "packages": {
    "": {
      "dependencies": {
        "detect.js": "^2.2.3"
      }
    },
    "node_modules/detect.js": {
      "version": "2.2.3",
      "resolved": "https://registry.npmjs.org/detect.js/-/detect.js-2.2.3.tgz",
      "integrity": "sha1-GKAGIflZxevcu4Qmfhp1RC9BTqk="
    }
  },
  "dependencies": {
    "detect.js": {
      "version": "2.2.3",
      "resolved": "https://registry.npmjs.org/detect.js/-/detect.js-2.2.3.tgz",
      "integrity": "sha1-GKAGIflZxevcu4Qmfhp1RC9BTqk="
    }
  }
}
